// !$*UTF8*$!
{
	archiveVersion = 1;
	classes = {
	};
	objectVersion = 50;
	objects = {

/* Begin PBXBuildFile section */
		04972CD526DE734A0069EDDE /* UIViewController+Extension.swift in Sources */ = {isa = PBXBuildFile; fileRef = 04972CD426DE734A0069EDDE /* UIViewController+Extension.swift */; };
		04972CD926DE737D0069EDDE /* HomeViewController+Extensions.swift in Sources */ = {isa = PBXBuildFile; fileRef = 04972CD826DE737D0069EDDE /* HomeViewController+Extensions.swift */; };
		04B067ED26DE340100F59562 /* AppDelegate.swift in Sources */ = {isa = PBXBuildFile; fileRef = 04B067EC26DE340100F59562 /* AppDelegate.swift */; };
		04B067EF26DE340100F59562 /* SceneDelegate.swift in Sources */ = {isa = PBXBuildFile; fileRef = 04B067EE26DE340100F59562 /* SceneDelegate.swift */; };
		04B067F426DE340100F59562 /* Main.storyboard in Resources */ = {isa = PBXBuildFile; fileRef = 04B067F226DE340100F59562 /* Main.storyboard */; };
		04B067F626DE340400F59562 /* Assets.xcassets in Resources */ = {isa = PBXBuildFile; fileRef = 04B067F526DE340400F59562 /* Assets.xcassets */; };
		04B067F926DE340400F59562 /* LaunchScreen.storyboard in Resources */ = {isa = PBXBuildFile; fileRef = 04B067F726DE340400F59562 /* LaunchScreen.storyboard */; };
		04B0681926DE371C00F59562 /* HomeViewController.swift in Sources */ = {isa = PBXBuildFile; fileRef = 04B0681726DE371C00F59562 /* HomeViewController.swift */; };
		04B0681A26DE371C00F59562 /* HomeViewController.xib in Resources */ = {isa = PBXBuildFile; fileRef = 04B0681826DE371C00F59562 /* HomeViewController.xib */; };
		04B0682126DE3C8500F59562 /* OperationCell.swift in Sources */ = {isa = PBXBuildFile; fileRef = 04B0681F26DE3C8500F59562 /* OperationCell.swift */; };
		04B0682226DE3C8500F59562 /* OperationCell.xib in Resources */ = {isa = PBXBuildFile; fileRef = 04B0682026DE3C8500F59562 /* OperationCell.xib */; };
		04B0682826DE48C700F59562 /* TaskCell.swift in Sources */ = {isa = PBXBuildFile; fileRef = 04B0682626DE48C700F59562 /* TaskCell.swift */; };
		04B0682926DE48C700F59562 /* TaskCell.xib in Resources */ = {isa = PBXBuildFile; fileRef = 04B0682726DE48C700F59562 /* TaskCell.xib */; };
		04B0685326DE6B4900F59562 /* TaskModel.swift in Sources */ = {isa = PBXBuildFile; fileRef = 04B0685226DE6B4900F59562 /* TaskModel.swift */; };
		04B0685626DE6C2300F59562 /* TaskOperations.swift in Sources */ = {isa = PBXBuildFile; fileRef = 04B0685526DE6C2300F59562 /* TaskOperations.swift */; };
/* End PBXBuildFile section */

/* Begin PBXFileReference section */
		04972CD426DE734A0069EDDE /* UIViewController+Extension.swift */ = {isa = PBXFileReference; lastKnownFileType = sourcecode.swift; path = "UIViewController+Extension.swift"; sourceTree = "<group>"; };
		04972CD826DE737D0069EDDE /* HomeViewController+Extensions.swift */ = {isa = PBXFileReference; lastKnownFileType = sourcecode.swift; path = "HomeViewController+Extensions.swift"; sourceTree = "<group>"; };
		04B067E926DE340100F59562 /* Basic Calculator.app */ = {isa = PBXFileReference; explicitFileType = wrapper.application; includeInIndex = 0; path = "Basic Calculator.app"; sourceTree = BUILT_PRODUCTS_DIR; };
		04B067EC26DE340100F59562 /* AppDelegate.swift */ = {isa = PBXFileReference; lastKnownFileType = sourcecode.swift; path = AppDelegate.swift; sourceTree = "<group>"; };
		04B067EE26DE340100F59562 /* SceneDelegate.swift */ = {isa = PBXFileReference; lastKnownFileType = sourcecode.swift; path = SceneDelegate.swift; sourceTree = "<group>"; };
		04B067F326DE340100F59562 /* Base */ = {isa = PBXFileReference; lastKnownFileType = file.storyboard; name = Base; path = Base.lproj/Main.storyboard; sourceTree = "<group>"; };
		04B067F526DE340400F59562 /* Assets.xcassets */ = {isa = PBXFileReference; lastKnownFileType = folder.assetcatalog; path = Assets.xcassets; sourceTree = "<group>"; };
		04B067F826DE340400F59562 /* Base */ = {isa = PBXFileReference; lastKnownFileType = file.storyboard; name = Base; path = Base.lproj/LaunchScreen.storyboard; sourceTree = "<group>"; };
		04B067FA26DE340400F59562 /* Info.plist */ = {isa = PBXFileReference; lastKnownFileType = text.plist.xml; path = Info.plist; sourceTree = "<group>"; };
		04B0681726DE371C00F59562 /* HomeViewController.swift */ = {isa = PBXFileReference; lastKnownFileType = sourcecode.swift; path = HomeViewController.swift; sourceTree = "<group>"; };
		04B0681826DE371C00F59562 /* HomeViewController.xib */ = {isa = PBXFileReference; lastKnownFileType = file.xib; path = HomeViewController.xib; sourceTree = "<group>"; };
		04B0681F26DE3C8500F59562 /* OperationCell.swift */ = {isa = PBXFileReference; lastKnownFileType = sourcecode.swift; path = OperationCell.swift; sourceTree = "<group>"; };
		04B0682026DE3C8500F59562 /* OperationCell.xib */ = {isa = PBXFileReference; lastKnownFileType = file.xib; path = OperationCell.xib; sourceTree = "<group>"; };
		04B0682626DE48C700F59562 /* TaskCell.swift */ = {isa = PBXFileReference; lastKnownFileType = sourcecode.swift; path = TaskCell.swift; sourceTree = "<group>"; };
		04B0682726DE48C700F59562 /* TaskCell.xib */ = {isa = PBXFileReference; lastKnownFileType = file.xib; path = TaskCell.xib; sourceTree = "<group>"; };
		04B0685226DE6B4900F59562 /* TaskModel.swift */ = {isa = PBXFileReference; lastKnownFileType = sourcecode.swift; path = TaskModel.swift; sourceTree = "<group>"; };
		04B0685526DE6C2300F59562 /* TaskOperations.swift */ = {isa = PBXFileReference; lastKnownFileType = sourcecode.swift; path = TaskOperations.swift; sourceTree = "<group>"; };
/* End PBXFileReference section */

/* Begin PBXFrameworksBuildPhase section */
		04B067E626DE340100F59562 /* Frameworks */ = {
			isa = PBXFrameworksBuildPhase;
			buildActionMask = 2147483647;
			files = (
			);
			runOnlyForDeploymentPostprocessing = 0;
		};
/* End PBXFrameworksBuildPhase section */

/* Begin PBXGroup section */
		04972CD326DE73260069EDDE /* Extensions */ = {
			isa = PBXGroup;
			children = (
				04972CD426DE734A0069EDDE /* UIViewController+Extension.swift */,
			);
			path = Extensions;
			sourceTree = "<group>";
		};
		04B067E026DE340100F59562 = {
			isa = PBXGroup;
			children = (
				04B067EB26DE340100F59562 /* Basic Calculator */,
				04B067EA26DE340100F59562 /* Products */,
			);
			sourceTree = "<group>";
		};
		04B067EA26DE340100F59562 /* Products */ = {
			isa = PBXGroup;
			children = (
				04B067E926DE340100F59562 /* Basic Calculator.app */,
			);
			name = Products;
			sourceTree = "<group>";
		};
		04B067EB26DE340100F59562 /* Basic Calculator */ = {
			isa = PBXGroup;
			children = (
				04B0681126DE367800F59562 /* Utilities */,
				04B0681026DE362900F59562 /* Calculator */,
				04B067FA26DE340400F59562 /* Info.plist */,
			);
			path = "Basic Calculator";
			sourceTree = "<group>";
		};
		04B0681026DE362900F59562 /* Calculator */ = {
			isa = PBXGroup;
			children = (
				04B0685026DE6B2700F59562 /* Model */,
				04B0685126DE6B3000F59562 /* ViewController */,
			);
			path = Calculator;
			sourceTree = "<group>";
		};
		04B0681126DE367800F59562 /* Utilities */ = {
			isa = PBXGroup;
			children = (
				04972CD326DE73260069EDDE /* Extensions */,
				04B0681326DE36AA00F59562 /* View */,
				04B0681226DE369C00F59562 /* Launching */,
			);
			path = Utilities;
			sourceTree = "<group>";
		};
		04B0681226DE369C00F59562 /* Launching */ = {
			isa = PBXGroup;
			children = (
				04B067EC26DE340100F59562 /* AppDelegate.swift */,
				04B067EE26DE340100F59562 /* SceneDelegate.swift */,
			);
			path = Launching;
			sourceTree = "<group>";
		};
		04B0681326DE36AA00F59562 /* View */ = {
			isa = PBXGroup;
			children = (
				04B067F226DE340100F59562 /* Main.storyboard */,
				04B067F526DE340400F59562 /* Assets.xcassets */,
				04B067F726DE340400F59562 /* LaunchScreen.storyboard */,
			);
			path = View;
			sourceTree = "<group>";
		};
		04B0681426DE36C500F59562 /* Home */ = {
			isa = PBXGroup;
			children = (
				04B0681826DE371C00F59562 /* HomeViewController.xib */,
				04B0681726DE371C00F59562 /* HomeViewController.swift */,
				04972CD826DE737D0069EDDE /* HomeViewController+Extensions.swift */,
			);
			path = Home;
			sourceTree = "<group>";
		};
		04B0681E26DE3C5A00F59562 /* Operation Cell */ = {
			isa = PBXGroup;
			children = (
				04B0681F26DE3C8500F59562 /* OperationCell.swift */,
				04B0682026DE3C8500F59562 /* OperationCell.xib */,
			);
			path = "Operation Cell";
			sourceTree = "<group>";
		};
		04B0682526DE48AD00F59562 /* Task Cell */ = {
			isa = PBXGroup;
			children = (
				04B0682626DE48C700F59562 /* TaskCell.swift */,
				04B0682726DE48C700F59562 /* TaskCell.xib */,
			);
			path = "Task Cell";
			sourceTree = "<group>";
		};
		04B0685026DE6B2700F59562 /* Model */ = {
			isa = PBXGroup;
			children = (
				04B0685226DE6B4900F59562 /* TaskModel.swift */,
				04B0685526DE6C2300F59562 /* TaskOperations.swift */,
			);
			path = Model;
			sourceTree = "<group>";
		};
		04B0685126DE6B3000F59562 /* ViewController */ = {
			isa = PBXGroup;
			children = (
				04B0682526DE48AD00F59562 /* Task Cell */,
				04B0681E26DE3C5A00F59562 /* Operation Cell */,
				04B0681426DE36C500F59562 /* Home */,
			);
			path = ViewController;
			sourceTree = "<group>";
		};
/* End PBXGroup section */

/* Begin PBXNativeTarget section */
		04B067E826DE340100F59562 /* Basic Calculator */ = {
			isa = PBXNativeTarget;
			buildConfigurationList = 04B067FD26DE340400F59562 /* Build configuration list for PBXNativeTarget "Basic Calculator" */;
			buildPhases = (
				04B067E526DE340100F59562 /* Sources */,
				04B067E626DE340100F59562 /* Frameworks */,
				04B067E726DE340100F59562 /* Resources */,
			);
			buildRules = (
			);
			dependencies = (
			);
			name = "Basic Calculator";
			productName = "Basic Calculator";
			productReference = 04B067E926DE340100F59562 /* Basic Calculator.app */;
			productType = "com.apple.product-type.application";
		};
/* End PBXNativeTarget section */

/* Begin PBXProject section */
		04B067E126DE340100F59562 /* Project object */ = {
			isa = PBXProject;
			attributes = {
				LastSwiftUpdateCheck = 1230;
				LastUpgradeCheck = 1230;
				TargetAttributes = {
					04B067E826DE340100F59562 = {
						CreatedOnToolsVersion = 12.3;
					};
				};
			};
			buildConfigurationList = 04B067E426DE340100F59562 /* Build configuration list for PBXProject "Basic Calculator" */;
			compatibilityVersion = "Xcode 9.3";
			developmentRegion = en;
			hasScannedForEncodings = 0;
			knownRegions = (
				en,
				Base,
			);
			mainGroup = 04B067E026DE340100F59562;
			productRefGroup = 04B067EA26DE340100F59562 /* Products */;
			projectDirPath = "";
			projectRoot = "";
			targets = (
				04B067E826DE340100F59562 /* Basic Calculator */,
			);
		};
/* End PBXProject section */

/* Begin PBXResourcesBuildPhase section */
		04B067E726DE340100F59562 /* Resources */ = {
			isa = PBXResourcesBuildPhase;
			buildActionMask = 2147483647;
			files = (
				04B067F926DE340400F59562 /* LaunchScreen.storyboard in Resources */,
				04B067F626DE340400F59562 /* Assets.xcassets in Resources */,
				04B067F426DE340100F59562 /* Main.storyboard in Resources */,
				04B0682226DE3C8500F59562 /* OperationCell.xib in Resources */,
				04B0682926DE48C700F59562 /* TaskCell.xib in Resources */,
				04B0681A26DE371C00F59562 /* HomeViewController.xib in Resources */,
			);
			runOnlyForDeploymentPostprocessing = 0;
		};
/* End PBXResourcesBuildPhase section */

/* Begin PBXSourcesBuildPhase section */
		04B067E526DE340100F59562 /* Sources */ = {
			isa = PBXSourcesBuildPhase;
			buildActionMask = 2147483647;
			files = (
				04972CD526DE734A0069EDDE /* UIViewController+Extension.swift in Sources */,
				04B0685326DE6B4900F59562 /* TaskModel.swift in Sources */,
				04B067ED26DE340100F59562 /* AppDelegate.swift in Sources */,
				04B067EF26DE340100F59562 /* SceneDelegate.swift in Sources */,
				04B0681926DE371C00F59562 /* HomeViewController.swift in Sources */,
				04972CD926DE737D0069EDDE /* HomeViewController+Extensions.swift in Sources */,
				04B0685626DE6C2300F59562 /* TaskOperations.swift in Sources */,
				04B0682126DE3C8500F59562 /* OperationCell.swift in Sources */,
				04B0682826DE48C700F59562 /* TaskCell.swift in Sources */,
			);
			runOnlyForDeploymentPostprocessing = 0;
		};
/* End PBXSourcesBuildPhase section */

/* Begin PBXVariantGroup section */
		04B067F226DE340100F59562 /* Main.storyboard */ = {
			isa = PBXVariantGroup;
			children = (
				04B067F326DE340100F59562 /* Base */,
			);
			name = Main.storyboard;
			sourceTree = "<group>";
		};
		04B067F726DE340400F59562 /* LaunchScreen.storyboard */ = {
			isa = PBXVariantGroup;
			children = (
				04B067F826DE340400F59562 /* Base */,
			);
			name = LaunchScreen.storyboard;
			sourceTree = "<group>";
		};
/* End PBXVariantGroup section */

/* Begin XCBuildConfiguration section */
		04B067FB26DE340400F59562 /* Debug */ = {
			isa = XCBuildConfiguration;
			buildSettings = {
				ALWAYS_SEARCH_USER_PATHS = NO;
				CLANG_ANALYZER_NONNULL = YES;
				CLANG_ANALYZER_NUMBER_OBJECT_CONVERSION = YES_AGGRESSIVE;
				CLANG_CXX_LANGUAGE_STANDARD = "gnu++14";
				CLANG_CXX_LIBRARY = "libc++";
				CLANG_ENABLE_MODULES = YES;
				CLANG_ENABLE_OBJC_ARC = YES;
				CLANG_ENABLE_OBJC_WEAK = YES;
				CLANG_WARN_BLOCK_CAPTURE_AUTORELEASING = YES;
				CLANG_WARN_BOOL_CONVERSION = YES;
				CLANG_WARN_COMMA = YES;
				CLANG_WARN_CONSTANT_CONVERSION = YES;
				CLANG_WARN_DEPRECATED_OBJC_IMPLEMENTATIONS = YES;
				CLANG_WARN_DIRECT_OBJC_ISA_USAGE = YES_ERROR;
				CLANG_WARN_DOCUMENTATION_COMMENTS = YES;
				CLANG_WARN_EMPTY_BODY = YES;
				CLANG_WARN_ENUM_CONVERSION = YES;
				CLANG_WARN_INFINITE_RECURSION = YES;
				CLANG_WARN_INT_CONVERSION = YES;
				CLANG_WARN_NON_LITERAL_NULL_CONVERSION = YES;
				CLANG_WARN_OBJC_IMPLICIT_RETAIN_SELF = YES;
				CLANG_WARN_OBJC_LITERAL_CONVERSION = YES;
				CLANG_WARN_OBJC_ROOT_CLASS = YES_ERROR;
				CLANG_WARN_QUOTED_INCLUDE_IN_FRAMEWORK_HEADER = YES;
				CLANG_WARN_RANGE_LOOP_ANALYSIS = YES;
				CLANG_WARN_STRICT_PROTOTYPES = YES;
				CLANG_WARN_SUSPICIOUS_MOVE = YES;
				CLANG_WARN_UNGUARDED_AVAILABILITY = YES_AGGRESSIVE;
				CLANG_WARN_UNREACHABLE_CODE = YES;
				CLANG_WARN__DUPLICATE_METHOD_MATCH = YES;
				COPY_PHASE_STRIP = NO;
				DEBUG_INFORMATION_FORMAT = dwarf;
				ENABLE_STRICT_OBJC_MSGSEND = YES;
				ENABLE_TESTABILITY = YES;
				GCC_C_LANGUAGE_STANDARD = gnu11;
				GCC_DYNAMIC_NO_PIC = NO;
				GCC_NO_COMMON_BLOCKS = YES;
				GCC_OPTIMIZATION_LEVEL = 0;
				GCC_PREPROCESSOR_DEFINITIONS = (
					"DEBUG=1",
					"$(inherited)",
				);
				GCC_WARN_64_TO_32_BIT_CONVERSION = YES;
				GCC_WARN_ABOUT_RETURN_TYPE = YES_ERROR;
				GCC_WARN_UNDECLARED_SELECTOR = YES;
				GCC_WARN_UNINITIALIZED_AUTOS = YES_AGGRESSIVE;
				GCC_WARN_UNUSED_FUNCTION = YES;
				GCC_WARN_UNUSED_VARIABLE = YES;
				IPHONEOS_DEPLOYMENT_TARGET = 14.3;
				MTL_ENABLE_DEBUG_INFO = INCLUDE_SOURCE;
				MTL_FAST_MATH = YES;
				ONLY_ACTIVE_ARCH = YES;
				SDKROOT = iphoneos;
				SWIFT_ACTIVE_COMPILATION_CONDITIONS = DEBUG;
				SWIFT_OPTIMIZATION_LEVEL = "-Onone";
			};
			name = Debug;
		};
		04B067FC26DE340400F59562 /* Release */ = {
			isa = XCBuildConfiguration;
			buildSettings = {
				ALWAYS_SEARCH_USER_PATHS = NO;
				CLANG_ANALYZER_NONNULL = YES;
				CLANG_ANALYZER_NUMBER_OBJECT_CONVERSION = YES_AGGRESSIVE;
				CLANG_CXX_LANGUAGE_STANDARD = "gnu++14";
				CLANG_CXX_LIBRARY = "libc++";
				CLANG_ENABLE_MODULES = YES;
				CLANG_ENABLE_OBJC_ARC = YES;
				CLANG_ENABLE_OBJC_WEAK = YES;
				CLANG_WARN_BLOCK_CAPTURE_AUTORELEASING = YES;
				CLANG_WARN_BOOL_CONVERSION = YES;
				CLANG_WARN_COMMA = YES;
				CLANG_WARN_CONSTANT_CONVERSION = YES;
				CLANG_WARN_DEPRECATED_OBJC_IMPLEMENTATIONS = YES;
				CLANG_WARN_DIRECT_OBJC_ISA_USAGE = YES_ERROR;
				CLANG_WARN_DOCUMENTATION_COMMENTS = YES;
				CLANG_WARN_EMPTY_BODY = YES;
				CLANG_WARN_ENUM_CONVERSION = YES;
				CLANG_WARN_INFINITE_RECURSION = YES;
				CLANG_WARN_INT_CONVERSION = YES;
				CLANG_WARN_NON_LITERAL_NULL_CONVERSION = YES;
				CLANG_WARN_OBJC_IMPLICIT_RETAIN_SELF = YES;
				CLANG_WARN_OBJC_LITERAL_CONVERSION = YES;
				CLANG_WARN_OBJC_ROOT_CLASS = YES_ERROR;
				CLANG_WARN_QUOTED_INCLUDE_IN_FRAMEWORK_HEADER = YES;
				CLANG_WARN_RANGE_LOOP_ANALYSIS = YES;
				CLANG_WARN_STRICT_PROTOTYPES = YES;
				CLANG_WARN_SUSPICIOUS_MOVE = YES;
				CLANG_WARN_UNGUARDED_AVAILABILITY = YES_AGGRESSIVE;
				CLANG_WARN_UNREACHABLE_CODE = YES;
				CLANG_WARN__DUPLICATE_METHOD_MATCH = YES;
				COPY_PHASE_STRIP = NO;
				DEBUG_INFORMATION_FORMAT = "dwarf-with-dsym";
				ENABLE_NS_ASSERTIONS = NO;
				ENABLE_STRICT_OBJC_MSGSEND = YES;
				GCC_C_LANGUAGE_STANDARD = gnu11;
				GCC_NO_COMMON_BLOCKS = YES;
				GCC_WARN_64_TO_32_BIT_CONVERSION = YES;
				GCC_WARN_ABOUT_RETURN_TYPE = YES_ERROR;
				GCC_WARN_UNDECLARED_SELECTOR = YES;
				GCC_WARN_UNINITIALIZED_AUTOS = YES_AGGRESSIVE;
				GCC_WARN_UNUSED_FUNCTION = YES;
				GCC_WARN_UNUSED_VARIABLE = YES;
				IPHONEOS_DEPLOYMENT_TARGET = 14.3;
				MTL_ENABLE_DEBUG_INFO = NO;
				MTL_FAST_MATH = YES;
				SDKROOT = iphoneos;
				SWIFT_COMPILATION_MODE = wholemodule;
				SWIFT_OPTIMIZATION_LEVEL = "-O";
				VALIDATE_PRODUCT = YES;
			};
			name = Release;
		};
		04B067FE26DE340400F59562 /* Debug */ = {
			isa = XCBuildConfiguration;
			buildSettings = {
				ASSETCATALOG_COMPILER_APPICON_NAME = AppIcon;
				ASSETCATALOG_COMPILER_GLOBAL_ACCENT_COLOR_NAME = AccentColor;
				CODE_SIGN_STYLE = Automatic;
				DEVELOPMENT_TEAM = W3Z4392KVG;
				INFOPLIST_FILE = "Basic Calculator/Info.plist";
				LD_RUNPATH_SEARCH_PATHS = (
					"$(inherited)",
					"@executable_path/Frameworks",
				);
				PRODUCT_BUNDLE_IDENTIFIER = "com.Tariq.Basic-Calculator";
				PRODUCT_NAME = "$(TARGET_NAME)";
				SWIFT_VERSION = 5.0;
				TARGETED_DEVICE_FAMILY = 1;
			};
			name = Debug;
		};
		04B067FF26DE340400F59562 /* Release */ = {
			isa = XCBuildConfiguration;
			buildSettings = {
				ASSETCATALOG_COMPILER_APPICON_NAME = AppIcon;
				ASSETCATALOG_COMPILER_GLOBAL_ACCENT_COLOR_NAME = AccentColor;
				CODE_SIGN_STYLE = Automatic;
				DEVELOPMENT_TEAM = W3Z4392KVG;
				INFOPLIST_FILE = "Basic Calculator/Info.plist";
				LD_RUNPATH_SEARCH_PATHS = (
					"$(inherited)",
					"@executable_path/Frameworks",
				);
				PRODUCT_BUNDLE_IDENTIFIER = "com.Tariq.Basic-Calculator";
				PRODUCT_NAME = "$(TARGET_NAME)";
				SWIFT_VERSION = 5.0;
				TARGETED_DEVICE_FAMILY = 1;
			};
			name = Release;
		};
/* End XCBuildConfiguration section */

/* Begin XCConfigurationList section */
		04B067E426DE340100F59562 /* Build configuration list for PBXProject "Basic Calculator" */ = {
			isa = XCConfigurationList;
			buildConfigurations = (
				04B067FB26DE340400F59562 /* Debug */,
				04B067FC26DE340400F59562 /* Release */,
			);
			defaultConfigurationIsVisible = 0;
			defaultConfigurationName = Release;
		};
		04B067FD26DE340400F59562 /* Build configuration list for PBXNativeTarget "Basic Calculator" */ = {
			isa = XCConfigurationList;
			buildConfigurations = (
				04B067FE26DE340400F59562 /* Debug */,
				04B067FF26DE340400F59562 /* Release */,
			);
			defaultConfigurationIsVisible = 0;
			defaultConfigurationName = Release;
		};
/* End XCConfigurationList section */
	};
	rootObject = 04B067E126DE340100F59562 /* Project object */;
}
